
Microsoft Visual Studio Solution File, Format Version 12.00
Project("{FAE04EC0-301F-11D3-BF4B-00C04F79EFBC}") = "AspNetCore", "AspNetCore\AspNetCore.csproj", "{AB7EA4F5-56DE-4111-8E40-596094591ADD}"
EndProject
Project("{2150E333-8FDC-42A3-9474-1A3956D46DE8}") = "homework1", "homework1", "{52A8E029-34C8-432B-B270-E2C3D7ED0E23}"
EndProject
Project("{FAE04EC0-301F-11D3-BF4B-00C04F79EFBC}") = "homework1", "homework1\homework1.csproj", "{2CB80E68-E33C-4E99-8C4A-491766A11A39}"
EndProject
Project("{FAE04EC0-301F-11D3-BF4B-00C04F79EFBC}") = "homework2", "homework2\homework2.csproj", "{D909E4BA-A523-4134-8EA9-0393C4EEC272}"
EndProject
Project("{FAE04EC0-301F-11D3-BF4B-00C04F79EFBC}") = "homework3", "homework3\homework3.csproj", "{45D9EE66-846E-41C2-94ED-F156D648E862}"
EndProject
Project("{FAE04EC0-301F-11D3-BF4B-00C04F79EFBC}") = "homework4", "homework4\homework4.csproj", "{C7B57BA4-40FF-4627-8860-831BBC0B3D81}"
EndProject
Project("{FAE04EC0-301F-11D3-BF4B-00C04F79EFBC}") = "homework5", "homework5\homework5.csproj", "{775A674F-1DDF-47D6-A178-1404DF29A72B}"
EndProject
Project("{FAE04EC0-301F-11D3-BF4B-00C04F79EFBC}") = "AspNetCoreMVC", "AspNetCoreMVC\AspNetCoreMVC.csproj", "{E4128170-1793-4472-A79C-DE3A9A51B925}"
EndProject
Project("{FAE04EC0-301F-11D3-BF4B-00C04F79EFBC}") = "homework6", "homework6\homework6.csproj", "{E572F5EC-2B0E-4F64-A615-F4731928B67B}"
EndProject
Project("{FAE04EC0-301F-11D3-BF4B-00C04F79EFBC}") = "homework7", "homework7\homework7.csproj", "{0E57E3B3-159F-4968-9D87-C9666DD617F4}"
EndProject
Project("{FAE04EC0-301F-11D3-BF4B-00C04F79EFBC}") = "homework8", "homework8\homework8.csproj", "{8550C840-7D70-4A8A-9F3F-662B7555D12D}"
EndProject
Project("{FAE04EC0-301F-11D3-BF4B-00C04F79EFBC}") = "homework9", "homework9\homework9.csproj", "{F19B1AED-EC14-403D-BCE9-17286D6B13F7}"
EndProject
Project("{FAE04EC0-301F-11D3-BF4B-00C04F79EFBC}") = "ASPViewComponent", "ASPViewComponent\ASPViewComponent.csproj", "{C2DCFED7-E400-4214-8737-B95A53FD5E8C}"
EndProject
Project("{FAE04EC0-301F-11D3-BF4B-00C04F79EFBC}") = "ASPEntityFrameworkCore", "ASPEntityFrameworkCore\ASPEntityFrameworkCore.csproj", "{EF2D34D6-A8A6-471E-8B72-6784199002A9}"
EndProject
Project("{FAE04EC0-301F-11D3-BF4B-00C04F79EFBC}") = "homework10", "homework10\homework10.csproj", "{521EA544-F11F-4EFC-960E-FF197C16CD70}"
EndProject
Project("{FAE04EC0-301F-11D3-BF4B-00C04F79EFBC}") = "ASPValidation", "ASPValidation\ASPValidation.csproj", "{0FF5E842-B9C1-4587-9DC7-4B3D305214E2}"
EndProject
Project("{FAE04EC0-301F-11D3-BF4B-00C04F79EFBC}") = "homework11", "homework11\homework11.csproj", "{B1F9F682-1F95-46F8-AE7B-CE405BB08599}"
EndProject
Project("{FAE04EC0-301F-11D3-BF4B-00C04F79EFBC}") = "ASPCookie", "ASPCookie\ASPCookie.csproj", "{D62064AA-9A27-4A42-966B-0940F829D24A}"
EndProject
Project("{FAE04EC0-301F-11D3-BF4B-00C04F79EFBC}") = "homework12", "homework12\homework12.csproj", "{F21F1FB2-82F5-48AD-B2A1-AD410B86D3D0}"
EndProject
Project("{FAE04EC0-301F-11D3-BF4B-00C04F79EFBC}") = "ASPAuth", "ASPAuth\ASPAuth.csproj", "{C9662F9D-DD87-4C70-9CC5-BB3529CE3005}"
EndProject
Project("{FAE04EC0-301F-11D3-BF4B-00C04F79EFBC}") = "homework13", "homework13\homework13.csproj", "{32E2B89C-A868-4218-8BA8-6B7C40B71907}"
EndProject
Project("{FAE04EC0-301F-11D3-BF4B-00C04F79EFBC}") = "ASPFilters", "ASPFilters\ASPFilters.csproj", "{E857B3E2-B947-48D4-ADFC-B57162C27A30}"
EndProject
Project("{FAE04EC0-301F-11D3-BF4B-00C04F79EFBC}") = "Blog", "Blog\Blog.csproj", "{128F3880-EF4D-4607-8F9F-4952EFB8FE3F}"
EndProject
Project("{FAE04EC0-301F-11D3-BF4B-00C04F79EFBC}") = "homework14", "homework14\homework14.csproj", "{C510BFFB-9AB9-4773-B83D-A6510254E799}"
EndProject
Project("{2150E333-8FDC-42A3-9474-1A3956D46DE8}") = "homework15", "homework15", "{E62DC1A0-D0F9-465C-ACE5-6E8244C6250D}"
EndProject
Project("{FAE04EC0-301F-11D3-BF4B-00C04F79EFBC}") = "EmailSender", "homework15\EmailSender\EmailSender.csproj", "{765E1B91-5AD1-4231-8A17-A61864AD35A7}"
EndProject
Project("{FAE04EC0-301F-11D3-BF4B-00C04F79EFBC}") = "EmailService", "homework15\EmailService\EmailService.csproj", "{385CCAC6-2AC6-446F-8CD4-BEFC829B65AF}"
EndProject
Project("{2150E333-8FDC-42A3-9474-1A3956D46DE8}") = "ASPIdentity", "ASPIdentity", "{03546D1D-1BAE-47AB-A70F-D03271CEE1E9}"
EndProject
Project("{FAE04EC0-301F-11D3-BF4B-00C04F79EFBC}") = "ASPIdentityTemplate", "ASPIdentity\ASPIdentityTemplate\ASPIdentityTemplate.csproj", "{41B930C9-14D7-4CD7-BE23-A68C925000AF}"
EndProject
Project("{FAE04EC0-301F-11D3-BF4B-00C04F79EFBC}") = "ASPIdentitySelfMaded", "ASPIdentity\ASPIdentitySelfMaded\ASPIdentitySelfMaded.csproj", "{6D3E66DE-7233-4F29-A9D0-751EAC0BC6B0}"
EndProject
Project("{FAE04EC0-301F-11D3-BF4B-00C04F79EFBC}") = "homework16", "homework16\homework16.csproj", "{2A52B0A2-56BD-4058-BEE6-B0519656D350}"
EndProject
Global
	GlobalSection(SolutionConfigurationPlatforms) = preSolution
		Debug|Any CPU = Debug|Any CPU
		Release|Any CPU = Release|Any CPU
	EndGlobalSection
	GlobalSection(ProjectConfigurationPlatforms) = postSolution
		{AB7EA4F5-56DE-4111-8E40-596094591ADD}.Debug|Any CPU.ActiveCfg = Debug|Any CPU
		{AB7EA4F5-56DE-4111-8E40-596094591ADD}.Debug|Any CPU.Build.0 = Debug|Any CPU
		{AB7EA4F5-56DE-4111-8E40-596094591ADD}.Release|Any CPU.ActiveCfg = Release|Any CPU
		{AB7EA4F5-56DE-4111-8E40-596094591ADD}.Release|Any CPU.Build.0 = Release|Any CPU
		{2CB80E68-E33C-4E99-8C4A-491766A11A39}.Debug|Any CPU.ActiveCfg = Debug|Any CPU
		{2CB80E68-E33C-4E99-8C4A-491766A11A39}.Debug|Any CPU.Build.0 = Debug|Any CPU
		{2CB80E68-E33C-4E99-8C4A-491766A11A39}.Release|Any CPU.ActiveCfg = Release|Any CPU
		{2CB80E68-E33C-4E99-8C4A-491766A11A39}.Release|Any CPU.Build.0 = Release|Any CPU
		{D909E4BA-A523-4134-8EA9-0393C4EEC272}.Debug|Any CPU.ActiveCfg = Debug|Any CPU
		{D909E4BA-A523-4134-8EA9-0393C4EEC272}.Debug|Any CPU.Build.0 = Debug|Any CPU
		{D909E4BA-A523-4134-8EA9-0393C4EEC272}.Release|Any CPU.ActiveCfg = Release|Any CPU
		{D909E4BA-A523-4134-8EA9-0393C4EEC272}.Release|Any CPU.Build.0 = Release|Any CPU
		{45D9EE66-846E-41C2-94ED-F156D648E862}.Debug|Any CPU.ActiveCfg = Debug|Any CPU
		{45D9EE66-846E-41C2-94ED-F156D648E862}.Debug|Any CPU.Build.0 = Debug|Any CPU
		{45D9EE66-846E-41C2-94ED-F156D648E862}.Release|Any CPU.ActiveCfg = Release|Any CPU
		{45D9EE66-846E-41C2-94ED-F156D648E862}.Release|Any CPU.Build.0 = Release|Any CPU
		{C7B57BA4-40FF-4627-8860-831BBC0B3D81}.Debug|Any CPU.ActiveCfg = Debug|Any CPU
		{C7B57BA4-40FF-4627-8860-831BBC0B3D81}.Debug|Any CPU.Build.0 = Debug|Any CPU
		{C7B57BA4-40FF-4627-8860-831BBC0B3D81}.Release|Any CPU.ActiveCfg = Release|Any CPU
		{C7B57BA4-40FF-4627-8860-831BBC0B3D81}.Release|Any CPU.Build.0 = Release|Any CPU
		{775A674F-1DDF-47D6-A178-1404DF29A72B}.Debug|Any CPU.ActiveCfg = Debug|Any CPU
		{775A674F-1DDF-47D6-A178-1404DF29A72B}.Debug|Any CPU.Build.0 = Debug|Any CPU
		{775A674F-1DDF-47D6-A178-1404DF29A72B}.Release|Any CPU.ActiveCfg = Release|Any CPU
		{775A674F-1DDF-47D6-A178-1404DF29A72B}.Release|Any CPU.Build.0 = Release|Any CPU
		{E4128170-1793-4472-A79C-DE3A9A51B925}.Debug|Any CPU.ActiveCfg = Debug|Any CPU
		{E4128170-1793-4472-A79C-DE3A9A51B925}.Debug|Any CPU.Build.0 = Debug|Any CPU
		{E4128170-1793-4472-A79C-DE3A9A51B925}.Release|Any CPU.ActiveCfg = Release|Any CPU
		{E4128170-1793-4472-A79C-DE3A9A51B925}.Release|Any CPU.Build.0 = Release|Any CPU
		{E572F5EC-2B0E-4F64-A615-F4731928B67B}.Debug|Any CPU.ActiveCfg = Debug|Any CPU
		{E572F5EC-2B0E-4F64-A615-F4731928B67B}.Debug|Any CPU.Build.0 = Debug|Any CPU
		{E572F5EC-2B0E-4F64-A615-F4731928B67B}.Release|Any CPU.ActiveCfg = Release|Any CPU
		{E572F5EC-2B0E-4F64-A615-F4731928B67B}.Release|Any CPU.Build.0 = Release|Any CPU
		{0E57E3B3-159F-4968-9D87-C9666DD617F4}.Debug|Any CPU.ActiveCfg = Debug|Any CPU
		{0E57E3B3-159F-4968-9D87-C9666DD617F4}.Debug|Any CPU.Build.0 = Debug|Any CPU
		{0E57E3B3-159F-4968-9D87-C9666DD617F4}.Release|Any CPU.ActiveCfg = Release|Any CPU
		{0E57E3B3-159F-4968-9D87-C9666DD617F4}.Release|Any CPU.Build.0 = Release|Any CPU
		{8550C840-7D70-4A8A-9F3F-662B7555D12D}.Debug|Any CPU.ActiveCfg = Debug|Any CPU
		{8550C840-7D70-4A8A-9F3F-662B7555D12D}.Debug|Any CPU.Build.0 = Debug|Any CPU
		{8550C840-7D70-4A8A-9F3F-662B7555D12D}.Release|Any CPU.ActiveCfg = Release|Any CPU
		{8550C840-7D70-4A8A-9F3F-662B7555D12D}.Release|Any CPU.Build.0 = Release|Any CPU
		{F19B1AED-EC14-403D-BCE9-17286D6B13F7}.Debug|Any CPU.ActiveCfg = Debug|Any CPU
		{F19B1AED-EC14-403D-BCE9-17286D6B13F7}.Debug|Any CPU.Build.0 = Debug|Any CPU
		{F19B1AED-EC14-403D-BCE9-17286D6B13F7}.Release|Any CPU.ActiveCfg = Release|Any CPU
		{F19B1AED-EC14-403D-BCE9-17286D6B13F7}.Release|Any CPU.Build.0 = Release|Any CPU
		{C2DCFED7-E400-4214-8737-B95A53FD5E8C}.Debug|Any CPU.ActiveCfg = Debug|Any CPU
		{C2DCFED7-E400-4214-8737-B95A53FD5E8C}.Debug|Any CPU.Build.0 = Debug|Any CPU
		{C2DCFED7-E400-4214-8737-B95A53FD5E8C}.Release|Any CPU.ActiveCfg = Release|Any CPU
		{C2DCFED7-E400-4214-8737-B95A53FD5E8C}.Release|Any CPU.Build.0 = Release|Any CPU
		{EF2D34D6-A8A6-471E-8B72-6784199002A9}.Debug|Any CPU.ActiveCfg = Debug|Any CPU
		{EF2D34D6-A8A6-471E-8B72-6784199002A9}.Debug|Any CPU.Build.0 = Debug|Any CPU
		{EF2D34D6-A8A6-471E-8B72-6784199002A9}.Release|Any CPU.ActiveCfg = Release|Any CPU
		{EF2D34D6-A8A6-471E-8B72-6784199002A9}.Release|Any CPU.Build.0 = Release|Any CPU
		{521EA544-F11F-4EFC-960E-FF197C16CD70}.Debug|Any CPU.ActiveCfg = Debug|Any CPU
		{521EA544-F11F-4EFC-960E-FF197C16CD70}.Debug|Any CPU.Build.0 = Debug|Any CPU
		{521EA544-F11F-4EFC-960E-FF197C16CD70}.Release|Any CPU.ActiveCfg = Release|Any CPU
		{521EA544-F11F-4EFC-960E-FF197C16CD70}.Release|Any CPU.Build.0 = Release|Any CPU
		{0FF5E842-B9C1-4587-9DC7-4B3D305214E2}.Debug|Any CPU.ActiveCfg = Debug|Any CPU
		{0FF5E842-B9C1-4587-9DC7-4B3D305214E2}.Debug|Any CPU.Build.0 = Debug|Any CPU
		{0FF5E842-B9C1-4587-9DC7-4B3D305214E2}.Release|Any CPU.ActiveCfg = Release|Any CPU
		{0FF5E842-B9C1-4587-9DC7-4B3D305214E2}.Release|Any CPU.Build.0 = Release|Any CPU
		{B1F9F682-1F95-46F8-AE7B-CE405BB08599}.Debug|Any CPU.ActiveCfg = Debug|Any CPU
		{B1F9F682-1F95-46F8-AE7B-CE405BB08599}.Debug|Any CPU.Build.0 = Debug|Any CPU
		{B1F9F682-1F95-46F8-AE7B-CE405BB08599}.Release|Any CPU.ActiveCfg = Release|Any CPU
		{B1F9F682-1F95-46F8-AE7B-CE405BB08599}.Release|Any CPU.Build.0 = Release|Any CPU
		{D62064AA-9A27-4A42-966B-0940F829D24A}.Debug|Any CPU.ActiveCfg = Debug|Any CPU
		{D62064AA-9A27-4A42-966B-0940F829D24A}.Debug|Any CPU.Build.0 = Debug|Any CPU
		{D62064AA-9A27-4A42-966B-0940F829D24A}.Release|Any CPU.ActiveCfg = Release|Any CPU
		{D62064AA-9A27-4A42-966B-0940F829D24A}.Release|Any CPU.Build.0 = Release|Any CPU
		{F21F1FB2-82F5-48AD-B2A1-AD410B86D3D0}.Debug|Any CPU.ActiveCfg = Debug|Any CPU
		{F21F1FB2-82F5-48AD-B2A1-AD410B86D3D0}.Debug|Any CPU.Build.0 = Debug|Any CPU
		{F21F1FB2-82F5-48AD-B2A1-AD410B86D3D0}.Release|Any CPU.ActiveCfg = Release|Any CPU
		{F21F1FB2-82F5-48AD-B2A1-AD410B86D3D0}.Release|Any CPU.Build.0 = Release|Any CPU
		{C9662F9D-DD87-4C70-9CC5-BB3529CE3005}.Debug|Any CPU.ActiveCfg = Debug|Any CPU
		{C9662F9D-DD87-4C70-9CC5-BB3529CE3005}.Debug|Any CPU.Build.0 = Debug|Any CPU
		{C9662F9D-DD87-4C70-9CC5-BB3529CE3005}.Release|Any CPU.ActiveCfg = Release|Any CPU
		{C9662F9D-DD87-4C70-9CC5-BB3529CE3005}.Release|Any CPU.Build.0 = Release|Any CPU
		{32E2B89C-A868-4218-8BA8-6B7C40B71907}.Debug|Any CPU.ActiveCfg = Debug|Any CPU
		{32E2B89C-A868-4218-8BA8-6B7C40B71907}.Debug|Any CPU.Build.0 = Debug|Any CPU
		{32E2B89C-A868-4218-8BA8-6B7C40B71907}.Release|Any CPU.ActiveCfg = Release|Any CPU
		{32E2B89C-A868-4218-8BA8-6B7C40B71907}.Release|Any CPU.Build.0 = Release|Any CPU
		{E857B3E2-B947-48D4-ADFC-B57162C27A30}.Debug|Any CPU.ActiveCfg = Debug|Any CPU
		{E857B3E2-B947-48D4-ADFC-B57162C27A30}.Debug|Any CPU.Build.0 = Debug|Any CPU
		{E857B3E2-B947-48D4-ADFC-B57162C27A30}.Release|Any CPU.ActiveCfg = Release|Any CPU
		{E857B3E2-B947-48D4-ADFC-B57162C27A30}.Release|Any CPU.Build.0 = Release|Any CPU
		{128F3880-EF4D-4607-8F9F-4952EFB8FE3F}.Debug|Any CPU.ActiveCfg = Debug|Any CPU
		{128F3880-EF4D-4607-8F9F-4952EFB8FE3F}.Debug|Any CPU.Build.0 = Debug|Any CPU
		{128F3880-EF4D-4607-8F9F-4952EFB8FE3F}.Release|Any CPU.ActiveCfg = Release|Any CPU
		{128F3880-EF4D-4607-8F9F-4952EFB8FE3F}.Release|Any CPU.Build.0 = Release|Any CPU
		{C510BFFB-9AB9-4773-B83D-A6510254E799}.Debug|Any CPU.ActiveCfg = Debug|Any CPU
		{C510BFFB-9AB9-4773-B83D-A6510254E799}.Debug|Any CPU.Build.0 = Debug|Any CPU
		{C510BFFB-9AB9-4773-B83D-A6510254E799}.Release|Any CPU.ActiveCfg = Release|Any CPU
		{C510BFFB-9AB9-4773-B83D-A6510254E799}.Release|Any CPU.Build.0 = Release|Any CPU
		{765E1B91-5AD1-4231-8A17-A61864AD35A7}.Debug|Any CPU.ActiveCfg = Debug|Any CPU
		{765E1B91-5AD1-4231-8A17-A61864AD35A7}.Debug|Any CPU.Build.0 = Debug|Any CPU
		{765E1B91-5AD1-4231-8A17-A61864AD35A7}.Release|Any CPU.ActiveCfg = Release|Any CPU
		{765E1B91-5AD1-4231-8A17-A61864AD35A7}.Release|Any CPU.Build.0 = Release|Any CPU
		{385CCAC6-2AC6-446F-8CD4-BEFC829B65AF}.Debug|Any CPU.ActiveCfg = Debug|Any CPU
		{385CCAC6-2AC6-446F-8CD4-BEFC829B65AF}.Debug|Any CPU.Build.0 = Debug|Any CPU
		{385CCAC6-2AC6-446F-8CD4-BEFC829B65AF}.Release|Any CPU.ActiveCfg = Release|Any CPU
		{385CCAC6-2AC6-446F-8CD4-BEFC829B65AF}.Release|Any CPU.Build.0 = Release|Any CPU
		{41B930C9-14D7-4CD7-BE23-A68C925000AF}.Debug|Any CPU.ActiveCfg = Debug|Any CPU
		{41B930C9-14D7-4CD7-BE23-A68C925000AF}.Debug|Any CPU.Build.0 = Debug|Any CPU
		{41B930C9-14D7-4CD7-BE23-A68C925000AF}.Release|Any CPU.ActiveCfg = Release|Any CPU
		{41B930C9-14D7-4CD7-BE23-A68C925000AF}.Release|Any CPU.Build.0 = Release|Any CPU
		{6D3E66DE-7233-4F29-A9D0-751EAC0BC6B0}.Debug|Any CPU.ActiveCfg = Debug|Any CPU
		{6D3E66DE-7233-4F29-A9D0-751EAC0BC6B0}.Debug|Any CPU.Build.0 = Debug|Any CPU
		{6D3E66DE-7233-4F29-A9D0-751EAC0BC6B0}.Release|Any CPU.ActiveCfg = Release|Any CPU
		{6D3E66DE-7233-4F29-A9D0-751EAC0BC6B0}.Release|Any CPU.Build.0 = Release|Any CPU
		{2A52B0A2-56BD-4058-BEE6-B0519656D350}.Debug|Any CPU.ActiveCfg = Debug|Any CPU
		{2A52B0A2-56BD-4058-BEE6-B0519656D350}.Debug|Any CPU.Build.0 = Debug|Any CPU
		{2A52B0A2-56BD-4058-BEE6-B0519656D350}.Release|Any CPU.ActiveCfg = Release|Any CPU
		{2A52B0A2-56BD-4058-BEE6-B0519656D350}.Release|Any CPU.Build.0 = Release|Any CPU
	EndGlobalSection
	GlobalSection(NestedProjects) = preSolution
		{2CB80E68-E33C-4E99-8C4A-491766A11A39} = {52A8E029-34C8-432B-B270-E2C3D7ED0E23}
		{765E1B91-5AD1-4231-8A17-A61864AD35A7} = {E62DC1A0-D0F9-465C-ACE5-6E8244C6250D}
		{385CCAC6-2AC6-446F-8CD4-BEFC829B65AF} = {E62DC1A0-D0F9-465C-ACE5-6E8244C6250D}
		{41B930C9-14D7-4CD7-BE23-A68C925000AF} = {03546D1D-1BAE-47AB-A70F-D03271CEE1E9}
		{6D3E66DE-7233-4F29-A9D0-751EAC0BC6B0} = {03546D1D-1BAE-47AB-A70F-D03271CEE1E9}
	EndGlobalSection
EndGlobal
