
Microsoft Visual Studio Solution File, Format Version 12.00
Project("{FAE04EC0-301F-11D3-BF4B-00C04F79EFBC}") = "AspNetCore", "AspNetCore\AspNetCore.csproj", "{AB7EA4F5-56DE-4111-8E40-596094591ADD}"
EndProject
Project("{2150E333-8FDC-42A3-9474-1A3956D46DE8}") = "homework1", "homework1", "{52A8E029-34C8-432B-B270-E2C3D7ED0E23}"
EndProject
Project("{FAE04EC0-301F-11D3-BF4B-00C04F79EFBC}") = "homework1", "homework1\homework1.csproj", "{2CB80E68-E33C-4E99-8C4A-491766A11A39}"
EndProject
Project("{FAE04EC0-301F-11D3-BF4B-00C04F79EFBC}") = "homework2", "homework2\homework2.csproj", "{D909E4BA-A523-4134-8EA9-0393C4EEC272}"
EndProject
Project("{FAE04EC0-301F-11D3-BF4B-00C04F79EFBC}") = "homework3", "homework3\homework3.csproj", "{45D9EE66-846E-41C2-94ED-F156D648E862}"
EndProject
Project("{FAE04EC0-301F-11D3-BF4B-00C04F79EFBC}") = "homework4", "homework4\homework4.csproj", "{C7B57BA4-40FF-4627-8860-831BBC0B3D81}"
EndProject
Project("{FAE04EC0-301F-11D3-BF4B-00C04F79EFBC}") = "homework5", "homework5\homework5.csproj", "{775A674F-1DDF-47D6-A178-1404DF29A72B}"
EndProject
Project("{FAE04EC0-301F-11D3-BF4B-00C04F79EFBC}") = "AspNetCoreMVC", "AspNetCoreMVC\AspNetCoreMVC.csproj", "{E4128170-1793-4472-A79C-DE3A9A51B925}"
EndProject
Project("{FAE04EC0-301F-11D3-BF4B-00C04F79EFBC}") = "homework6", "homework6\homework6.csproj", "{E572F5EC-2B0E-4F64-A615-F4731928B67B}"
EndProject
Project("{FAE04EC0-301F-11D3-BF4B-00C04F79EFBC}") = "homework7", "homework7\homework7.csproj", "{0E57E3B3-159F-4968-9D87-C9666DD617F4}"
EndProject
Project("{FAE04EC0-301F-11D3-BF4B-00C04F79EFBC}") = "homework8", "homework8\homework8.csproj", "{8550C840-7D70-4A8A-9F3F-662B7555D12D}"
EndProject
Project("{FAE04EC0-301F-11D3-BF4B-00C04F79EFBC}") = "homework9", "homework9\homework9.csproj", "{F19B1AED-EC14-403D-BCE9-17286D6B13F7}"
EndProject
Project("{FAE04EC0-301F-11D3-BF4B-00C04F79EFBC}") = "ASPViewComponent", "ASPViewComponent\ASPViewComponent.csproj", "{C2DCFED7-E400-4214-8737-B95A53FD5E8C}"
EndProject
Project("{FAE04EC0-301F-11D3-BF4B-00C04F79EFBC}") = "ASPEntityFrameworkCore", "ASPEntityFrameworkCore\ASPEntityFrameworkCore.csproj", "{EF2D34D6-A8A6-471E-8B72-6784199002A9}"
EndProject
Project("{FAE04EC0-301F-11D3-BF4B-00C04F79EFBC}") = "homework10", "homework10\homework10.csproj", "{521EA544-F11F-4EFC-960E-FF197C16CD70}"
EndProject
Global
	GlobalSection(SolutionConfigurationPlatforms) = preSolution
		Debug|Any CPU = Debug|Any CPU
		Release|Any CPU = Release|Any CPU
	EndGlobalSection
	GlobalSection(ProjectConfigurationPlatforms) = postSolution
		{AB7EA4F5-56DE-4111-8E40-596094591ADD}.Debug|Any CPU.ActiveCfg = Debug|Any CPU
		{AB7EA4F5-56DE-4111-8E40-596094591ADD}.Debug|Any CPU.Build.0 = Debug|Any CPU
		{AB7EA4F5-56DE-4111-8E40-596094591ADD}.Release|Any CPU.ActiveCfg = Release|Any CPU
		{AB7EA4F5-56DE-4111-8E40-596094591ADD}.Release|Any CPU.Build.0 = Release|Any CPU
		{2CB80E68-E33C-4E99-8C4A-491766A11A39}.Debug|Any CPU.ActiveCfg = Debug|Any CPU
		{2CB80E68-E33C-4E99-8C4A-491766A11A39}.Debug|Any CPU.Build.0 = Debug|Any CPU
		{2CB80E68-E33C-4E99-8C4A-491766A11A39}.Release|Any CPU.ActiveCfg = Release|Any CPU
		{2CB80E68-E33C-4E99-8C4A-491766A11A39}.Release|Any CPU.Build.0 = Release|Any CPU
		{D909E4BA-A523-4134-8EA9-0393C4EEC272}.Debug|Any CPU.ActiveCfg = Debug|Any CPU
		{D909E4BA-A523-4134-8EA9-0393C4EEC272}.Debug|Any CPU.Build.0 = Debug|Any CPU
		{D909E4BA-A523-4134-8EA9-0393C4EEC272}.Release|Any CPU.ActiveCfg = Release|Any CPU
		{D909E4BA-A523-4134-8EA9-0393C4EEC272}.Release|Any CPU.Build.0 = Release|Any CPU
		{45D9EE66-846E-41C2-94ED-F156D648E862}.Debug|Any CPU.ActiveCfg = Debug|Any CPU
		{45D9EE66-846E-41C2-94ED-F156D648E862}.Debug|Any CPU.Build.0 = Debug|Any CPU
		{45D9EE66-846E-41C2-94ED-F156D648E862}.Release|Any CPU.ActiveCfg = Release|Any CPU
		{45D9EE66-846E-41C2-94ED-F156D648E862}.Release|Any CPU.Build.0 = Release|Any CPU
		{C7B57BA4-40FF-4627-8860-831BBC0B3D81}.Debug|Any CPU.ActiveCfg = Debug|Any CPU
		{C7B57BA4-40FF-4627-8860-831BBC0B3D81}.Debug|Any CPU.Build.0 = Debug|Any CPU
		{C7B57BA4-40FF-4627-8860-831BBC0B3D81}.Release|Any CPU.ActiveCfg = Release|Any CPU
		{C7B57BA4-40FF-4627-8860-831BBC0B3D81}.Release|Any CPU.Build.0 = Release|Any CPU
		{775A674F-1DDF-47D6-A178-1404DF29A72B}.Debug|Any CPU.ActiveCfg = Debug|Any CPU
		{775A674F-1DDF-47D6-A178-1404DF29A72B}.Debug|Any CPU.Build.0 = Debug|Any CPU
		{775A674F-1DDF-47D6-A178-1404DF29A72B}.Release|Any CPU.ActiveCfg = Release|Any CPU
		{775A674F-1DDF-47D6-A178-1404DF29A72B}.Release|Any CPU.Build.0 = Release|Any CPU
		{E4128170-1793-4472-A79C-DE3A9A51B925}.Debug|Any CPU.ActiveCfg = Debug|Any CPU
		{E4128170-1793-4472-A79C-DE3A9A51B925}.Debug|Any CPU.Build.0 = Debug|Any CPU
		{E4128170-1793-4472-A79C-DE3A9A51B925}.Release|Any CPU.ActiveCfg = Release|Any CPU
		{E4128170-1793-4472-A79C-DE3A9A51B925}.Release|Any CPU.Build.0 = Release|Any CPU
		{E572F5EC-2B0E-4F64-A615-F4731928B67B}.Debug|Any CPU.ActiveCfg = Debug|Any CPU
		{E572F5EC-2B0E-4F64-A615-F4731928B67B}.Debug|Any CPU.Build.0 = Debug|Any CPU
		{E572F5EC-2B0E-4F64-A615-F4731928B67B}.Release|Any CPU.ActiveCfg = Release|Any CPU
		{E572F5EC-2B0E-4F64-A615-F4731928B67B}.Release|Any CPU.Build.0 = Release|Any CPU
		{0E57E3B3-159F-4968-9D87-C9666DD617F4}.Debug|Any CPU.ActiveCfg = Debug|Any CPU
		{0E57E3B3-159F-4968-9D87-C9666DD617F4}.Debug|Any CPU.Build.0 = Debug|Any CPU
		{0E57E3B3-159F-4968-9D87-C9666DD617F4}.Release|Any CPU.ActiveCfg = Release|Any CPU
		{0E57E3B3-159F-4968-9D87-C9666DD617F4}.Release|Any CPU.Build.0 = Release|Any CPU
		{8550C840-7D70-4A8A-9F3F-662B7555D12D}.Debug|Any CPU.ActiveCfg = Debug|Any CPU
		{8550C840-7D70-4A8A-9F3F-662B7555D12D}.Debug|Any CPU.Build.0 = Debug|Any CPU
		{8550C840-7D70-4A8A-9F3F-662B7555D12D}.Release|Any CPU.ActiveCfg = Release|Any CPU
		{8550C840-7D70-4A8A-9F3F-662B7555D12D}.Release|Any CPU.Build.0 = Release|Any CPU
		{F19B1AED-EC14-403D-BCE9-17286D6B13F7}.Debug|Any CPU.ActiveCfg = Debug|Any CPU
		{F19B1AED-EC14-403D-BCE9-17286D6B13F7}.Debug|Any CPU.Build.0 = Debug|Any CPU
		{F19B1AED-EC14-403D-BCE9-17286D6B13F7}.Release|Any CPU.ActiveCfg = Release|Any CPU
		{F19B1AED-EC14-403D-BCE9-17286D6B13F7}.Release|Any CPU.Build.0 = Release|Any CPU
		{C2DCFED7-E400-4214-8737-B95A53FD5E8C}.Debug|Any CPU.ActiveCfg = Debug|Any CPU
		{C2DCFED7-E400-4214-8737-B95A53FD5E8C}.Debug|Any CPU.Build.0 = Debug|Any CPU
		{C2DCFED7-E400-4214-8737-B95A53FD5E8C}.Release|Any CPU.ActiveCfg = Release|Any CPU
		{C2DCFED7-E400-4214-8737-B95A53FD5E8C}.Release|Any CPU.Build.0 = Release|Any CPU
		{EF2D34D6-A8A6-471E-8B72-6784199002A9}.Debug|Any CPU.ActiveCfg = Debug|Any CPU
		{EF2D34D6-A8A6-471E-8B72-6784199002A9}.Debug|Any CPU.Build.0 = Debug|Any CPU
		{EF2D34D6-A8A6-471E-8B72-6784199002A9}.Release|Any CPU.ActiveCfg = Release|Any CPU
		{EF2D34D6-A8A6-471E-8B72-6784199002A9}.Release|Any CPU.Build.0 = Release|Any CPU
		{521EA544-F11F-4EFC-960E-FF197C16CD70}.Debug|Any CPU.ActiveCfg = Debug|Any CPU
		{521EA544-F11F-4EFC-960E-FF197C16CD70}.Debug|Any CPU.Build.0 = Debug|Any CPU
		{521EA544-F11F-4EFC-960E-FF197C16CD70}.Release|Any CPU.ActiveCfg = Release|Any CPU
		{521EA544-F11F-4EFC-960E-FF197C16CD70}.Release|Any CPU.Build.0 = Release|Any CPU
	EndGlobalSection
	GlobalSection(NestedProjects) = preSolution
		{2CB80E68-E33C-4E99-8C4A-491766A11A39} = {52A8E029-34C8-432B-B270-E2C3D7ED0E23}
	EndGlobalSection
EndGlobal
